
Microsoft Visual Studio Solution File, Format Version 12.00
# Visual Studio Version 17
VisualStudioVersion = 17.0.31903.59
MinimumVisualStudioVersion = 10.0.40219.1
Project("{2150E333-8FDC-42A3-9474-1A3956D46DE8}") = "Solution Items", "Solution Items", "{89547127-08F5-403F-A618-1AD7F57B5041}"
	ProjectSection(SolutionItems) = preProject
		.editorconfig = .editorconfig
	EndProjectSection
EndProject
Project("{2150E333-8FDC-42A3-9474-1A3956D46DE8}") = "samples", "samples", "{0138DD06-325D-4826-8CEF-E1135A118714}"
EndProject
Project("{2150E333-8FDC-42A3-9474-1A3956D46DE8}") = "src", "src", "{6501538D-F457-421F-9E0F-D2E91D59BB7F}"
EndProject
Project("{9A19103F-16F7-4668-BE54-9A1E7A4F7556}") = "WeatherForecastClient", "src\WeatherForecastClient\WeatherForecastClient.csproj", "{FACA6507-3298-423A-A492-C0F2577532E6}"
EndProject
Project("{9A19103F-16F7-4668-BE54-9A1E7A4F7556}") = "WeatherForecastWebApi", "samples\WeatherForecastWebApi\WeatherForecastWebApi.csproj", "{469CA37E-F28F-43CD-8AA6-C2FBB6237FC7}"
EndProject
Project("{9A19103F-16F7-4668-BE54-9A1E7A4F7556}") = "WeatherForecastConsoleApp", "samples\WeatherForecastConsoleApp\WeatherForecastConsoleApp.csproj", "{2257D3EC-2F33-43CA-AC1B-EC11F037D04F}"
EndProject
Project("{9A19103F-16F7-4668-BE54-9A1E7A4F7556}") = "WeatherForecastWeb", "samples\WeatherForecastWeb\WeatherForecastWeb.csproj", "{A649B8B3-688F-47C3-AEBE-22579948339E}"
EndProject
Project("{9A19103F-16F7-4668-BE54-9A1E7A4F7556}") = "WeatherForecastClient.WpfApp", "samples\WeatherForecastClient.WpfApp\WeatherForecastClient.WpfApp.csproj", "{86564B3B-5F3A-461C-9D7F-D824BEB32783}"
EndProject
Project("{FAE04EC0-301F-11D3-BF4B-00C04F79EFBC}") = "WeatherForecastClient.Abstractions", "src\WeatherForecastClient.Abstractions\WeatherForecastClient.Abstractions.csproj", "{2C8BE542-126A-4FB8-A51A-D3646AA11520}"
EndProject
Project("{FAE04EC0-301F-11D3-BF4B-00C04F79EFBC}") = "WeatherForecastClient.DependencyInjection", "src\WeatherForecastClient.DependencyInjection\WeatherForecastClient.DependencyInjection.csproj", "{BBCE1C55-007B-41F4-B0EF-EAE34AF96FE7}"
EndProject
Global
	GlobalSection(SolutionConfigurationPlatforms) = preSolution
		Debug|Any CPU = Debug|Any CPU
		Release|Any CPU = Release|Any CPU
	EndGlobalSection
	GlobalSection(ProjectConfigurationPlatforms) = postSolution
		{FACA6507-3298-423A-A492-C0F2577532E6}.Debug|Any CPU.ActiveCfg = Debug|Any CPU
		{FACA6507-3298-423A-A492-C0F2577532E6}.Debug|Any CPU.Build.0 = Debug|Any CPU
		{FACA6507-3298-423A-A492-C0F2577532E6}.Release|Any CPU.ActiveCfg = Release|Any CPU
		{FACA6507-3298-423A-A492-C0F2577532E6}.Release|Any CPU.Build.0 = Release|Any CPU
		{469CA37E-F28F-43CD-8AA6-C2FBB6237FC7}.Debug|Any CPU.ActiveCfg = Debug|Any CPU
		{469CA37E-F28F-43CD-8AA6-C2FBB6237FC7}.Debug|Any CPU.Build.0 = Debug|Any CPU
		{469CA37E-F28F-43CD-8AA6-C2FBB6237FC7}.Release|Any CPU.ActiveCfg = Release|Any CPU
		{469CA37E-F28F-43CD-8AA6-C2FBB6237FC7}.Release|Any CPU.Build.0 = Release|Any CPU
		{2257D3EC-2F33-43CA-AC1B-EC11F037D04F}.Debug|Any CPU.ActiveCfg = Debug|Any CPU
		{2257D3EC-2F33-43CA-AC1B-EC11F037D04F}.Debug|Any CPU.Build.0 = Debug|Any CPU
		{2257D3EC-2F33-43CA-AC1B-EC11F037D04F}.Release|Any CPU.ActiveCfg = Release|Any CPU
		{2257D3EC-2F33-43CA-AC1B-EC11F037D04F}.Release|Any CPU.Build.0 = Release|Any CPU
		{A649B8B3-688F-47C3-AEBE-22579948339E}.Debug|Any CPU.ActiveCfg = Debug|Any CPU
		{A649B8B3-688F-47C3-AEBE-22579948339E}.Debug|Any CPU.Build.0 = Debug|Any CPU
		{A649B8B3-688F-47C3-AEBE-22579948339E}.Release|Any CPU.ActiveCfg = Release|Any CPU
		{A649B8B3-688F-47C3-AEBE-22579948339E}.Release|Any CPU.Build.0 = Release|Any CPU
		{86564B3B-5F3A-461C-9D7F-D824BEB32783}.Debug|Any CPU.ActiveCfg = Debug|Any CPU
		{86564B3B-5F3A-461C-9D7F-D824BEB32783}.Debug|Any CPU.Build.0 = Debug|Any CPU
		{86564B3B-5F3A-461C-9D7F-D824BEB32783}.Release|Any CPU.ActiveCfg = Release|Any CPU
		{86564B3B-5F3A-461C-9D7F-D824BEB32783}.Release|Any CPU.Build.0 = Release|Any CPU
		{2C8BE542-126A-4FB8-A51A-D3646AA11520}.Debug|Any CPU.ActiveCfg = Debug|Any CPU
		{2C8BE542-126A-4FB8-A51A-D3646AA11520}.Debug|Any CPU.Build.0 = Debug|Any CPU
		{2C8BE542-126A-4FB8-A51A-D3646AA11520}.Release|Any CPU.ActiveCfg = Release|Any CPU
		{2C8BE542-126A-4FB8-A51A-D3646AA11520}.Release|Any CPU.Build.0 = Release|Any CPU
		{BBCE1C55-007B-41F4-B0EF-EAE34AF96FE7}.Debug|Any CPU.ActiveCfg = Debug|Any CPU
		{BBCE1C55-007B-41F4-B0EF-EAE34AF96FE7}.Debug|Any CPU.Build.0 = Debug|Any CPU
		{BBCE1C55-007B-41F4-B0EF-EAE34AF96FE7}.Release|Any CPU.ActiveCfg = Release|Any CPU
		{BBCE1C55-007B-41F4-B0EF-EAE34AF96FE7}.Release|Any CPU.Build.0 = Release|Any CPU
	EndGlobalSection
	GlobalSection(SolutionProperties) = preSolution
		HideSolutionNode = FALSE
	EndGlobalSection
	GlobalSection(NestedProjects) = preSolution
		{FACA6507-3298-423A-A492-C0F2577532E6} = {6501538D-F457-421F-9E0F-D2E91D59BB7F}
		{469CA37E-F28F-43CD-8AA6-C2FBB6237FC7} = {0138DD06-325D-4826-8CEF-E1135A118714}
		{2257D3EC-2F33-43CA-AC1B-EC11F037D04F} = {0138DD06-325D-4826-8CEF-E1135A118714}
		{A649B8B3-688F-47C3-AEBE-22579948339E} = {0138DD06-325D-4826-8CEF-E1135A118714}
		{86564B3B-5F3A-461C-9D7F-D824BEB32783} = {0138DD06-325D-4826-8CEF-E1135A118714}
		{2C8BE542-126A-4FB8-A51A-D3646AA11520} = {6501538D-F457-421F-9E0F-D2E91D59BB7F}
		{BBCE1C55-007B-41F4-B0EF-EAE34AF96FE7} = {6501538D-F457-421F-9E0F-D2E91D59BB7F}
	EndGlobalSection
	GlobalSection(ExtensibilityGlobals) = postSolution
		SolutionGuid = {D2754CF7-FB93-439A-B009-077583046B3A}
	EndGlobalSection
EndGlobal
